{
  "name": "raven-js",
  "version": "0.4.12",
  "lockfileVersion": 3,
  "requires": true,
  "packages": {
    "": {
      "name": "raven-js",
      "version": "0.4.12",
      "license": "MIT",
      "workspaces": [
        "packages/beak",
        "packages/cortex",
        "packages/glean",
        "packages/nest",
        "packages/reflex",
        "packages/wings"
      ],
      "devDependencies": {
        "@biomejs/biome": "^2.2.0",
        "@types/node": "^22.5.0",
        "typedoc": "^0.26.5",
        "typescript": "^5.5.3"
      },
      "engines": {
        "node": ">=22.5.0",
        "npm": ">=10.8.2"
      },
      "funding": {
        "type": "github",
        "url": "https://github.com/sponsors/Anonyfox"
      }
    },
    "node_modules/@biomejs/biome": {
      "version": "2.2.0",
      "dev": true,
      "license": "MIT OR Apache-2.0",
      "bin": {
        "biome": "bin/biome"
      },
      "engines": {
        "node": ">=14.21.3"
      },
      "funding": {
        "type": "opencollective",
        "url": "https://opencollective.com/biome"
      },
      "optionalDependencies": {
        "@biomejs/cli-darwin-arm64": "2.2.0",
        "@biomejs/cli-darwin-x64": "2.2.0",
        "@biomejs/cli-linux-arm64": "2.2.0",
        "@biomejs/cli-linux-arm64-musl": "2.2.0",
        "@biomejs/cli-linux-x64": "2.2.0",
        "@biomejs/cli-linux-x64-musl": "2.2.0",
        "@biomejs/cli-win32-arm64": "2.2.0",
        "@biomejs/cli-win32-x64": "2.2.0"
      }
    },
    "node_modules/@biomejs/cli-darwin-arm64": {
      "version": "2.2.0",
      "cpu": [
        "arm64"
      ],
      "dev": true,
      "license": "MIT OR Apache-2.0",
      "optional": true,
      "os": [
        "darwin"
      ],
      "engines": {
        "node": ">=14.21.3"
      }
    },
    "node_modules/@esbuild/darwin-arm64": {
      "version": "0.25.9",
      "cpu": [
        "arm64"
      ],
      "dev": true,
      "license": "MIT",
      "optional": true,
      "os": [
        "darwin"
      ],
      "engines": {
        "node": ">=18"
      }
    },
    "node_modules/@raven-js/beak": {
      "resolved": "packages/beak",
      "link": true
    },
    "node_modules/@raven-js/cortex": {
      "resolved": "packages/cortex",
      "link": true
    },
    "node_modules/@raven-js/glean": {
      "resolved": "packages/glean",
      "link": true
    },
    "node_modules/@raven-js/nest": {
      "resolved": "packages/nest",
      "link": true
    },
    "node_modules/@raven-js/reflex": {
      "resolved": "packages/reflex",
      "link": true
    },
    "node_modules/@raven-js/wings": {
      "resolved": "packages/wings",
      "link": true
    },
    "node_modules/@shikijs/core": {
      "version": "1.29.2",
      "dev": true,
      "license": "MIT",
      "dependencies": {
        "@shikijs/engine-javascript": "1.29.2",
        "@shikijs/engine-oniguruma": "1.29.2",
        "@shikijs/types": "1.29.2",
        "@shikijs/vscode-textmate": "^10.0.1",
        "@types/hast": "^3.0.4",
        "hast-util-to-html": "^9.0.4"
      }
    },
    "node_modules/@shikijs/engine-javascript": {
      "version": "1.29.2",
      "dev": true,
      "license": "MIT",
      "dependencies": {
        "@shikijs/types": "1.29.2",
        "@shikijs/vscode-textmate": "^10.0.1",
        "oniguruma-to-es": "^2.2.0"
      }
    },
    "node_modules/@shikijs/engine-oniguruma": {
      "version": "1.29.2",
      "dev": true,
      "license": "MIT",
      "dependencies": {
        "@shikijs/types": "1.29.2",
        "@shikijs/vscode-textmate": "^10.0.1"
      }
    },
    "node_modules/@shikijs/langs": {
      "version": "1.29.2",
      "dev": true,
      "license": "MIT",
      "dependencies": {
        "@shikijs/types": "1.29.2"
      }
    },
    "node_modules/@shikijs/themes": {
      "version": "1.29.2",
      "dev": true,
      "license": "MIT",
      "dependencies": {
        "@shikijs/types": "1.29.2"
      }
    },
    "node_modules/@shikijs/types": {
      "version": "1.29.2",
      "dev": true,
      "license": "MIT",
      "dependencies": {
        "@shikijs/vscode-textmate": "^10.0.1",
        "@types/hast": "^3.0.4"
      }
    },
    "node_modules/@shikijs/vscode-textmate": {
      "version": "10.0.2",
      "dev": true,
      "license": "MIT"
    },
    "node_modules/@types/hast": {
      "version": "3.0.4",
      "dev": true,
      "license": "MIT",
      "dependencies": {
        "@types/unist": "*"
      }
    },
    "node_modules/@types/mdast": {
      "version": "4.0.4",
      "dev": true,
      "license": "MIT",
      "dependencies": {
        "@types/unist": "*"
      }
    },
    "node_modules/@types/node": {
      "version": "22.17.2",
      "dev": true,
      "license": "MIT",
      "dependencies": {
        "undici-types": "~6.21.0"
      }
    },
    "node_modules/@types/unist": {
      "version": "3.0.3",
      "dev": true,
      "license": "MIT"
    },
    "node_modules/@ungap/structured-clone": {
      "version": "1.3.0",
      "dev": true,
      "license": "ISC"
    },
    "node_modules/argparse": {
      "version": "2.0.1",
      "dev": true,
      "license": "Python-2.0"
    },
    "node_modules/balanced-match": {
      "version": "1.0.2",
      "dev": true,
      "license": "MIT"
    },
    "node_modules/brace-expansion": {
      "version": "2.0.2",
      "dev": true,
      "license": "MIT",
      "dependencies": {
        "balanced-match": "^1.0.0"
      }
    },
    "node_modules/ccount": {
      "version": "2.0.1",
      "dev": true,
      "license": "MIT",
      "funding": {
        "type": "github",
        "url": "https://github.com/sponsors/wooorm"
      }
    },
    "node_modules/character-entities-html4": {
      "version": "2.1.0",
      "dev": true,
      "license": "MIT",
      "funding": {
        "type": "github",
        "url": "https://github.com/sponsors/wooorm"
      }
    },
    "node_modules/character-entities-legacy": {
      "version": "3.0.0",
      "dev": true,
      "license": "MIT",
      "funding": {
        "type": "github",
        "url": "https://github.com/sponsors/wooorm"
      }
    },
    "node_modules/comma-separated-tokens": {
      "version": "2.0.3",
      "dev": true,
      "license": "MIT",
      "funding": {
        "type": "github",
        "url": "https://github.com/sponsors/wooorm"
      }
    },
    "node_modules/dequal": {
      "version": "2.0.3",
      "dev": true,
      "license": "MIT",
      "engines": {
        "node": ">=6"
      }
    },
    "node_modules/devlop": {
      "version": "1.1.0",
      "dev": true,
      "license": "MIT",
      "dependencies": {
        "dequal": "^2.0.0"
      },
      "funding": {
        "type": "github",
        "url": "https://github.com/sponsors/wooorm"
      }
    },
    "node_modules/emoji-regex-xs": {
      "version": "1.0.0",
      "dev": true,
      "license": "MIT"
    },
    "node_modules/entities": {
      "version": "4.5.0",
      "dev": true,
      "license": "BSD-2-Clause",
      "engines": {
        "node": ">=0.12"
      },
      "funding": {
        "url": "https://github.com/fb55/entities?sponsor=1"
      }
    },
    "node_modules/esbuild": {
      "version": "0.25.9",
      "dev": true,
      "hasInstallScript": true,
      "license": "MIT",
      "bin": {
        "esbuild": "bin/esbuild"
      },
      "engines": {
        "node": ">=18"
      },
      "optionalDependencies": {
        "@esbuild/aix-ppc64": "0.25.9",
        "@esbuild/android-arm": "0.25.9",
        "@esbuild/android-arm64": "0.25.9",
        "@esbuild/android-x64": "0.25.9",
        "@esbuild/darwin-arm64": "0.25.9",
        "@esbuild/darwin-x64": "0.25.9",
        "@esbuild/freebsd-arm64": "0.25.9",
        "@esbuild/freebsd-x64": "0.25.9",
        "@esbuild/linux-arm": "0.25.9",
        "@esbuild/linux-arm64": "0.25.9",
        "@esbuild/linux-ia32": "0.25.9",
        "@esbuild/linux-loong64": "0.25.9",
        "@esbuild/linux-mips64el": "0.25.9",
        "@esbuild/linux-ppc64": "0.25.9",
        "@esbuild/linux-riscv64": "0.25.9",
        "@esbuild/linux-s390x": "0.25.9",
        "@esbuild/linux-x64": "0.25.9",
        "@esbuild/netbsd-arm64": "0.25.9",
        "@esbuild/netbsd-x64": "0.25.9",
        "@esbuild/openbsd-arm64": "0.25.9",
        "@esbuild/openbsd-x64": "0.25.9",
        "@esbuild/openharmony-arm64": "0.25.9",
        "@esbuild/sunos-x64": "0.25.9",
        "@esbuild/win32-arm64": "0.25.9",
        "@esbuild/win32-ia32": "0.25.9",
        "@esbuild/win32-x64": "0.25.9"
      }
    },
    "node_modules/hast-util-to-html": {
      "version": "9.0.5",
      "dev": true,
      "license": "MIT",
      "dependencies": {
        "@types/hast": "^3.0.0",
        "@types/unist": "^3.0.0",
        "ccount": "^2.0.0",
        "comma-separated-tokens": "^2.0.0",
        "hast-util-whitespace": "^3.0.0",
        "html-void-elements": "^3.0.0",
        "mdast-util-to-hast": "^13.0.0",
        "property-information": "^7.0.0",
        "space-separated-tokens": "^2.0.0",
        "stringify-entities": "^4.0.0",
        "zwitch": "^2.0.4"
      },
      "funding": {
        "type": "opencollective",
        "url": "https://opencollective.com/unified"
      }
    },
    "node_modules/hast-util-whitespace": {
      "version": "3.0.0",
      "dev": true,
      "license": "MIT",
      "dependencies": {
        "@types/hast": "^3.0.0"
      },
      "funding": {
        "type": "opencollective",
        "url": "https://opencollective.com/unified"
      }
    },
    "node_modules/html-void-elements": {
      "version": "3.0.0",
      "dev": true,
      "license": "MIT",
      "funding": {
        "type": "github",
        "url": "https://github.com/sponsors/wooorm"
      }
    },
    "node_modules/linkify-it": {
      "version": "5.0.0",
      "dev": true,
      "license": "MIT",
      "dependencies": {
        "uc.micro": "^2.0.0"
      }
    },
    "node_modules/lunr": {
      "version": "2.3.9",
      "dev": true,
      "license": "MIT"
    },
    "node_modules/markdown-it": {
      "version": "14.1.0",
      "dev": true,
      "license": "MIT",
      "dependencies": {
        "argparse": "^2.0.1",
        "entities": "^4.4.0",
        "linkify-it": "^5.0.0",
        "mdurl": "^2.0.0",
        "punycode.js": "^2.3.1",
        "uc.micro": "^2.1.0"
      },
      "bin": {
        "markdown-it": "bin/markdown-it.mjs"
      }
    },
    "node_modules/mdast-util-to-hast": {
      "version": "13.2.0",
      "dev": true,
      "license": "MIT",
      "dependencies": {
        "@types/hast": "^3.0.0",
        "@types/mdast": "^4.0.0",
        "@ungap/structured-clone": "^1.0.0",
        "devlop": "^1.0.0",
        "micromark-util-sanitize-uri": "^2.0.0",
        "trim-lines": "^3.0.0",
        "unist-util-position": "^5.0.0",
        "unist-util-visit": "^5.0.0",
        "vfile": "^6.0.0"
      },
      "funding": {
        "type": "opencollective",
        "url": "https://opencollective.com/unified"
      }
    },
    "node_modules/mdurl": {
      "version": "2.0.0",
      "dev": true,
      "license": "MIT"
    },
    "node_modules/micromark-util-character": {
      "version": "2.1.1",
      "dev": true,
      "funding": [
        {
          "type": "GitHub Sponsors",
          "url": "https://github.com/sponsors/unifiedjs"
        },
        {
          "type": "OpenCollective",
          "url": "https://opencollective.com/unified"
        }
      ],
      "license": "MIT",
      "dependencies": {
        "micromark-util-symbol": "^2.0.0",
        "micromark-util-types": "^2.0.0"
      }
    },
    "node_modules/micromark-util-encode": {
      "version": "2.0.1",
      "dev": true,
      "funding": [
        {
          "type": "GitHub Sponsors",
          "url": "https://github.com/sponsors/unifiedjs"
        },
        {
          "type": "OpenCollective",
          "url": "https://opencollective.com/unified"
        }
      ],
      "license": "MIT"
    },
    "node_modules/micromark-util-sanitize-uri": {
      "version": "2.0.1",
      "dev": true,
      "funding": [
        {
          "type": "GitHub Sponsors",
          "url": "https://github.com/sponsors/unifiedjs"
        },
        {
          "type": "OpenCollective",
          "url": "https://opencollective.com/unified"
        }
      ],
      "license": "MIT",
      "dependencies": {
        "micromark-util-character": "^2.0.0",
        "micromark-util-encode": "^2.0.0",
        "micromark-util-symbol": "^2.0.0"
      }
    },
    "node_modules/micromark-util-symbol": {
      "version": "2.0.1",
      "dev": true,
      "funding": [
        {
          "type": "GitHub Sponsors",
          "url": "https://github.com/sponsors/unifiedjs"
        },
        {
          "type": "OpenCollective",
          "url": "https://opencollective.com/unified"
        }
      ],
      "license": "MIT"
    },
    "node_modules/micromark-util-types": {
      "version": "2.0.2",
      "dev": true,
      "funding": [
        {
          "type": "GitHub Sponsors",
          "url": "https://github.com/sponsors/unifiedjs"
        },
        {
          "type": "OpenCollective",
          "url": "https://opencollective.com/unified"
        }
      ],
      "license": "MIT"
    },
    "node_modules/minimatch": {
      "version": "9.0.5",
      "dev": true,
      "license": "ISC",
      "dependencies": {
        "brace-expansion": "^2.0.1"
      },
      "engines": {
        "node": ">=16 || 14 >=14.17"
      },
      "funding": {
        "url": "https://github.com/sponsors/isaacs"
      }
    },
    "node_modules/oniguruma-to-es": {
      "version": "2.3.0",
      "dev": true,
      "license": "MIT",
      "dependencies": {
        "emoji-regex-xs": "^1.0.0",
        "regex": "^5.1.1",
        "regex-recursion": "^5.1.1"
      }
    },
    "node_modules/property-information": {
      "version": "7.1.0",
      "dev": true,
      "license": "MIT",
      "funding": {
        "type": "github",
        "url": "https://github.com/sponsors/wooorm"
      }
    },
    "node_modules/punycode.js": {
      "version": "2.3.1",
      "dev": true,
      "license": "MIT",
      "engines": {
        "node": ">=6"
      }
    },
    "node_modules/regex": {
      "version": "5.1.1",
      "dev": true,
      "license": "MIT",
      "dependencies": {
        "regex-utilities": "^2.3.0"
      }
    },
    "node_modules/regex-recursion": {
      "version": "5.1.1",
      "dev": true,
      "license": "MIT",
      "dependencies": {
        "regex": "^5.1.1",
        "regex-utilities": "^2.3.0"
      }
    },
    "node_modules/regex-utilities": {
      "version": "2.3.0",
      "dev": true,
      "license": "MIT"
    },
    "node_modules/shiki": {
      "version": "1.29.2",
      "dev": true,
      "license": "MIT",
      "dependencies": {
        "@shikijs/core": "1.29.2",
        "@shikijs/engine-javascript": "1.29.2",
        "@shikijs/engine-oniguruma": "1.29.2",
        "@shikijs/langs": "1.29.2",
        "@shikijs/themes": "1.29.2",
        "@shikijs/types": "1.29.2",
        "@shikijs/vscode-textmate": "^10.0.1",
        "@types/hast": "^3.0.4"
      }
    },
    "node_modules/space-separated-tokens": {
      "version": "2.0.2",
      "dev": true,
      "license": "MIT",
      "funding": {
        "type": "github",
        "url": "https://github.com/sponsors/wooorm"
      }
    },
    "node_modules/stringify-entities": {
      "version": "4.0.4",
      "dev": true,
      "license": "MIT",
      "dependencies": {
        "character-entities-html4": "^2.0.0",
        "character-entities-legacy": "^3.0.0"
      },
      "funding": {
        "type": "github",
        "url": "https://github.com/sponsors/wooorm"
      }
    },
    "node_modules/trim-lines": {
      "version": "3.0.1",
      "dev": true,
      "license": "MIT",
      "funding": {
        "type": "github",
        "url": "https://github.com/sponsors/wooorm"
      }
    },
    "node_modules/typedoc": {
      "version": "0.26.11",
      "dev": true,
      "license": "Apache-2.0",
      "dependencies": {
        "lunr": "^2.3.9",
        "markdown-it": "^14.1.0",
        "minimatch": "^9.0.5",
        "shiki": "^1.16.2",
        "yaml": "^2.5.1"
      },
      "bin": {
        "typedoc": "bin/typedoc"
      },
      "engines": {
        "node": ">= 18"
      },
      "peerDependencies": {
        "typescript": "4.6.x || 4.7.x || 4.8.x || 4.9.x || 5.0.x || 5.1.x || 5.2.x || 5.3.x || 5.4.x || 5.5.x || 5.6.x"
      }
    },
    "node_modules/typescript": {
      "version": "5.6.3",
      "dev": true,
      "license": "Apache-2.0",
      "bin": {
        "tsc": "bin/tsc",
        "tsserver": "bin/tsserver"
      },
      "engines": {
        "node": ">=14.17"
      }
    },
    "node_modules/uc.micro": {
      "version": "2.1.0",
      "dev": true,
      "license": "MIT"
    },
    "node_modules/undici-types": {
      "version": "6.21.0",
      "dev": true,
      "license": "MIT"
    },
    "node_modules/unist-util-is": {
      "version": "6.0.0",
      "dev": true,
      "license": "MIT",
      "dependencies": {
        "@types/unist": "^3.0.0"
      },
      "funding": {
        "type": "opencollective",
        "url": "https://opencollective.com/unified"
      }
    },
    "node_modules/unist-util-position": {
      "version": "5.0.0",
      "dev": true,
      "license": "MIT",
      "dependencies": {
        "@types/unist": "^3.0.0"
      },
      "funding": {
        "type": "opencollective",
        "url": "https://opencollective.com/unified"
      }
    },
    "node_modules/unist-util-stringify-position": {
      "version": "4.0.0",
      "dev": true,
      "license": "MIT",
      "dependencies": {
        "@types/unist": "^3.0.0"
      },
      "funding": {
        "type": "opencollective",
        "url": "https://opencollective.com/unified"
      }
    },
    "node_modules/unist-util-visit": {
      "version": "5.0.0",
      "dev": true,
      "license": "MIT",
      "dependencies": {
        "@types/unist": "^3.0.0",
        "unist-util-is": "^6.0.0",
        "unist-util-visit-parents": "^6.0.0"
      },
      "funding": {
        "type": "opencollective",
        "url": "https://opencollective.com/unified"
      }
    },
    "node_modules/unist-util-visit-parents": {
      "version": "6.0.1",
      "dev": true,
      "license": "MIT",
      "dependencies": {
        "@types/unist": "^3.0.0",
        "unist-util-is": "^6.0.0"
      },
      "funding": {
        "type": "opencollective",
        "url": "https://opencollective.com/unified"
      }
    },
    "node_modules/vfile": {
      "version": "6.0.3",
      "dev": true,
      "license": "MIT",
      "dependencies": {
        "@types/unist": "^3.0.0",
        "vfile-message": "^4.0.0"
      },
      "funding": {
        "type": "opencollective",
        "url": "https://opencollective.com/unified"
      }
    },
    "node_modules/vfile-message": {
      "version": "4.0.3",
      "dev": true,
      "license": "MIT",
      "dependencies": {
        "@types/unist": "^3.0.0",
        "unist-util-stringify-position": "^4.0.0"
      },
      "funding": {
        "type": "opencollective",
        "url": "https://opencollective.com/unified"
      }
    },
    "node_modules/yaml": {
      "version": "2.8.1",
      "dev": true,
      "license": "ISC",
      "bin": {
        "yaml": "bin.mjs"
      },
      "engines": {
        "node": ">= 14.6"
      }
    },
    "node_modules/zwitch": {
      "version": "2.0.4",
      "dev": true,
      "license": "MIT",
      "funding": {
        "type": "github",
        "url": "https://github.com/sponsors/wooorm"
      }
    },
    "packages/beak": {
      "name": "@raven-js/beak",
      "version": "0.4.12",
      "license": "MIT",
      "engines": {
        "node": ">=22.5.0"
      },
      "funding": {
        "type": "github",
        "url": "https://github.com/sponsors/Anonyfox"
      }
    },
    "packages/cortex": {
      "name": "@raven-js/cortex",
      "version": "0.4.12",
      "license": "MIT",
      "engines": {
        "node": ">=22.5.0"
      },
      "funding": {
        "type": "github",
        "url": "https://github.com/sponsors/Anonyfox"
      }
    },
    "packages/glean": {
      "name": "@raven-js/glean",
      "version": "0.4.12",
      "license": "MIT",
      "dependencies": {
        "@raven-js/beak": "*",
        "@raven-js/wings": "*"
      },
      "bin": {
        "glean": "bin/glean.min.js"
      },
      "devDependencies": {
        "esbuild": "^0.25.9"
      },
      "engines": {
        "node": ">=22.5.0"
      },
      "funding": {
        "type": "github",
        "url": "https://github.com/sponsors/Anonyfox"
      }
    },
    "packages/nest": {
      "name": "@raven-js/nest",
      "version": "0.1.0",
      "license": "MIT",
      "bin": {
        "nest": "bin/nest.js"
      },
      "devDependencies": {
        "esbuild": "^0.25.9"
      },
      "engines": {
        "node": ">=22.5.0"
      }
    },
    "packages/reflex": {
      "name": "@raven-js/reflex",
      "version": "0.4.12",
      "license": "MIT",
      "engines": {
        "node": ">=22.5.0"
      },
      "funding": {
        "type": "github",
        "url": "https://github.com/sponsors/Anonyfox"
      }
    },
    "packages/wings": {
      "name": "@raven-js/wings",
      "version": "0.4.12",
      "license": "MIT",
      "engines": {
        "node": ">=22.5.0"
      },
      "funding": {
        "type": "github",
        "url": "https://github.com/sponsors/Anonyfox"
      }
    }
  }
}
