{
  "name": "helloworld-example",
  "version": "1.0.0",
  "lockfileVersion": 3,
  "requires": true,
  "packages": {
    "": {
      "name": "helloworld-example",
      "version": "1.0.0",
      "license": "MIT",
      "dependencies": {
        "@ravenjs/beak": "file:../../packages/beak",
        "@ravenjs/wings": "file:../../packages/wings"
      }
    },
    "../../packages/beak": {
      "name": "@raven-js/beak",
      "version": "0.2.2",
      "license": "MIT",
      "engines": {
        "node": ">=22.5.0"
      },
      "funding": {
        "type": "github",
        "url": "https://github.com/sponsors/Anonyfox"
      }
    },
    "../../packages/wings": {
      "name": "@raven-js/wings",
      "version": "0.2.2",
      "license": "MIT",
      "engines": {
        "node": ">=22.5.0"
      },
      "funding": {
        "type": "github",
        "url": "https://github.com/sponsors/Anonyfox"
      }
    },
    "node_modules/@ravenjs/beak": {
      "resolved": "../../packages/beak",
      "link": true
    },
    "node_modules/@ravenjs/wings": {
      "resolved": "../../packages/wings",
      "link": true
    }
  }
}
